
Microsoft Visual Studio Solution File, Format Version 12.00
# Visual Studio Version 16
VisualStudioVersion = 25.0.1703.8
MinimumVisualStudioVersion = 10.0.40219.1
Project("{FAE04EC0-301F-11D3-BF4B-00C04F79EFBC}") = "Server", "Server\Server.csproj", "{14F81CBD-BDEA-405E-99B0-DCFA175169D3}"
EndProject
Global
	GlobalSection(SolutionConfigurationPlatforms) = preSolution
		Debug|Any CPU = Debug|Any CPU
		Release|Any CPU = Release|Any CPU
	EndGlobalSection
	GlobalSection(ProjectConfigurationPlatforms) = postSolution
		{14F81CBD-BDEA-405E-99B0-DCFA175169D3}.Debug|Any CPU.ActiveCfg = Debug|Any CPU
		{14F81CBD-BDEA-405E-99B0-DCFA175169D3}.Debug|Any CPU.Build.0 = Debug|Any CPU
		{14F81CBD-BDEA-405E-99B0-DCFA175169D3}.Release|Any CPU.ActiveCfg = Release|Any CPU
		{14F81CBD-BDEA-405E-99B0-DCFA175169D3}.Release|Any CPU.Build.0 = Release|Any CPU
	EndGlobalSection
	GlobalSection(SolutionProperties) = preSolution
		HideSolutionNode = FALSE
	EndGlobalSection
	GlobalSection(ExtensibilityGlobals) = postSolution
		SolutionGuid = {B7698296-8343-441A-8D90-300509070D2D}
	EndGlobalSection
EndGlobal
